
Microsoft Visual Studio Solution File, Format Version 12.00
# Visual Studio 14
VisualStudioVersion = 14.0.25420.1
MinimumVisualStudioVersion = 10.0.40219.1
Project("{FAE04EC0-301F-11D3-BF4B-00C04F79EFBC}") = "jbt_opc", "jbt_opc\jbt_opc.csproj", "{60122739-3028-405B-A3DC-70FBEF5E1C8C}"
EndProject
Project("{FAE04EC0-301F-11D3-BF4B-00C04F79EFBC}") = "Utilities", "Utilities\Utilities.csproj", "{9FDD8B87-AEBD-411C-8715-601430DE4B63}"
EndProject
Project("{FAE04EC0-301F-11D3-BF4B-00C04F79EFBC}") = "JBTData", "JBTData\JBTData.csproj", "{3DCEAF3B-779B-4D2F-B8D1-7FB8D59A52F2}"
EndProject
Project("{FAE04EC0-301F-11D3-BF4B-00C04F79EFBC}") = "JBTCDataFeed", "JBTCDataFeed\JBTCDataFeed.csproj", "{F6A65E89-374D-4D7B-9B1D-978A4A6EA58C}"
EndProject
Project("{6141683F-8A12-4E36-9623-2EB02B2C2303}") = "setup", "Setup.JBTCDataFeed\setup.isproj", "{08F4DB86-0FF3-4AE2-9A62-3CE8398C3DD2}"
	ProjectSection(ProjectDependencies) = postProject
		{2372B336-07D9-490F-827C-79F1FB739FE9} = {2372B336-07D9-490F-827C-79F1FB739FE9}
		{60122739-3028-405B-A3DC-70FBEF5E1C8C} = {60122739-3028-405B-A3DC-70FBEF5E1C8C}
		{3DCEAF3B-779B-4D2F-B8D1-7FB8D59A52F2} = {3DCEAF3B-779B-4D2F-B8D1-7FB8D59A52F2}
		{EFB6EF5F-0DCB-47CA-B101-D229BB64B821} = {EFB6EF5F-0DCB-47CA-B101-D229BB64B821}
		{9FDD8B87-AEBD-411C-8715-601430DE4B63} = {9FDD8B87-AEBD-411C-8715-601430DE4B63}
		{E9C8AAAD-A227-468E-B8F3-44A7501ED109} = {E9C8AAAD-A227-468E-B8F3-44A7501ED109}
	EndProjectSection
EndProject
Project("{FAE04EC0-301F-11D3-BF4B-00C04F79EFBC}") = "JBTCSMSFeed", "JBTCSMSFeed\JBTCSMSFeed.csproj", "{E9C8AAAD-A227-468E-B8F3-44A7501ED109}"
EndProject
Project("{FAE04EC0-301F-11D3-BF4B-00C04F79EFBC}") = "JBTCEmailFeed", "JBTCEmailFeed\JBTCEmailFeed.csproj", "{EFB6EF5F-0DCB-47CA-B101-D229BB64B821}"
EndProject
Project("{FAE04EC0-301F-11D3-BF4B-00C04F79EFBC}") = "JBTCDataFeedUserConfiguraton", "JBTCDataFeedUserConfiguraton\JBTCDataFeedUserConfiguraton.csproj", "{2372B336-07D9-490F-827C-79F1FB739FE9}"
EndProject
Project("{FAE04EC0-301F-11D3-BF4B-00C04F79EFBC}") = "JBTCDataFeedWebUtility", "JBTCDataFeedWebUtility\JBTCDataFeedWebUtility.csproj", "{C0FA3366-F8CD-4EC0-AD38-9F61D1B4075E}"
EndProject
Project("{FAE04EC0-301F-11D3-BF4B-00C04F79EFBC}") = "Newtonsoft.Json.Net40", "JSON.Net\Source\Src\Newtonsoft.Json\Newtonsoft.Json.Net40.csproj", "{A9AE40FF-1A21-414A-9FE7-3BE13644CC6D}"
EndProject
Global
	GlobalSection(SolutionConfigurationPlatforms) = preSolution
		CD_ROM|Any CPU = CD_ROM|Any CPU
		Debug|Any CPU = Debug|Any CPU
		DVD-5|Any CPU = DVD-5|Any CPU
		Release|Any CPU = Release|Any CPU
		SingleImage|Any CPU = SingleImage|Any CPU
	EndGlobalSection
	GlobalSection(ProjectConfigurationPlatforms) = postSolution
		{60122739-3028-405B-A3DC-70FBEF5E1C8C}.CD_ROM|Any CPU.ActiveCfg = Release|Any CPU
		{60122739-3028-405B-A3DC-70FBEF5E1C8C}.CD_ROM|Any CPU.Build.0 = Release|Any CPU
		{60122739-3028-405B-A3DC-70FBEF5E1C8C}.Debug|Any CPU.ActiveCfg = Debug|Any CPU
		{60122739-3028-405B-A3DC-70FBEF5E1C8C}.Debug|Any CPU.Build.0 = Debug|Any CPU
		{60122739-3028-405B-A3DC-70FBEF5E1C8C}.DVD-5|Any CPU.ActiveCfg = Debug|Any CPU
		{60122739-3028-405B-A3DC-70FBEF5E1C8C}.DVD-5|Any CPU.Build.0 = Debug|Any CPU
		{60122739-3028-405B-A3DC-70FBEF5E1C8C}.Release|Any CPU.ActiveCfg = Release|Any CPU
		{60122739-3028-405B-A3DC-70FBEF5E1C8C}.Release|Any CPU.Build.0 = Release|Any CPU
		{60122739-3028-405B-A3DC-70FBEF5E1C8C}.SingleImage|Any CPU.ActiveCfg = Release|Any CPU
		{60122739-3028-405B-A3DC-70FBEF5E1C8C}.SingleImage|Any CPU.Build.0 = Release|Any CPU
		{9FDD8B87-AEBD-411C-8715-601430DE4B63}.CD_ROM|Any CPU.ActiveCfg = Release|Any CPU
		{9FDD8B87-AEBD-411C-8715-601430DE4B63}.CD_ROM|Any CPU.Build.0 = Release|Any CPU
		{9FDD8B87-AEBD-411C-8715-601430DE4B63}.Debug|Any CPU.ActiveCfg = Debug|Any CPU
		{9FDD8B87-AEBD-411C-8715-601430DE4B63}.Debug|Any CPU.Build.0 = Debug|Any CPU
		{9FDD8B87-AEBD-411C-8715-601430DE4B63}.DVD-5|Any CPU.ActiveCfg = Debug|Any CPU
		{9FDD8B87-AEBD-411C-8715-601430DE4B63}.DVD-5|Any CPU.Build.0 = Debug|Any CPU
		{9FDD8B87-AEBD-411C-8715-601430DE4B63}.Release|Any CPU.ActiveCfg = Release|Any CPU
		{9FDD8B87-AEBD-411C-8715-601430DE4B63}.Release|Any CPU.Build.0 = Release|Any CPU
		{9FDD8B87-AEBD-411C-8715-601430DE4B63}.SingleImage|Any CPU.ActiveCfg = Release|Any CPU
		{9FDD8B87-AEBD-411C-8715-601430DE4B63}.SingleImage|Any CPU.Build.0 = Release|Any CPU
		{3DCEAF3B-779B-4D2F-B8D1-7FB8D59A52F2}.CD_ROM|Any CPU.ActiveCfg = Release|Any CPU
		{3DCEAF3B-779B-4D2F-B8D1-7FB8D59A52F2}.CD_ROM|Any CPU.Build.0 = Release|Any CPU
		{3DCEAF3B-779B-4D2F-B8D1-7FB8D59A52F2}.Debug|Any CPU.ActiveCfg = Debug|Any CPU
		{3DCEAF3B-779B-4D2F-B8D1-7FB8D59A52F2}.Debug|Any CPU.Build.0 = Debug|Any CPU
		{3DCEAF3B-779B-4D2F-B8D1-7FB8D59A52F2}.DVD-5|Any CPU.ActiveCfg = Debug|Any CPU
		{3DCEAF3B-779B-4D2F-B8D1-7FB8D59A52F2}.DVD-5|Any CPU.Build.0 = Debug|Any CPU
		{3DCEAF3B-779B-4D2F-B8D1-7FB8D59A52F2}.Release|Any CPU.ActiveCfg = Release|Any CPU
		{3DCEAF3B-779B-4D2F-B8D1-7FB8D59A52F2}.Release|Any CPU.Build.0 = Release|Any CPU
		{3DCEAF3B-779B-4D2F-B8D1-7FB8D59A52F2}.SingleImage|Any CPU.ActiveCfg = Release|Any CPU
		{3DCEAF3B-779B-4D2F-B8D1-7FB8D59A52F2}.SingleImage|Any CPU.Build.0 = Release|Any CPU
		{F6A65E89-374D-4D7B-9B1D-978A4A6EA58C}.CD_ROM|Any CPU.ActiveCfg = Release|Any CPU
		{F6A65E89-374D-4D7B-9B1D-978A4A6EA58C}.CD_ROM|Any CPU.Build.0 = Release|Any CPU
		{F6A65E89-374D-4D7B-9B1D-978A4A6EA58C}.Debug|Any CPU.ActiveCfg = Debug|Any CPU
		{F6A65E89-374D-4D7B-9B1D-978A4A6EA58C}.Debug|Any CPU.Build.0 = Debug|Any CPU
		{F6A65E89-374D-4D7B-9B1D-978A4A6EA58C}.DVD-5|Any CPU.ActiveCfg = Debug|Any CPU
		{F6A65E89-374D-4D7B-9B1D-978A4A6EA58C}.DVD-5|Any CPU.Build.0 = Debug|Any CPU
		{F6A65E89-374D-4D7B-9B1D-978A4A6EA58C}.Release|Any CPU.ActiveCfg = Release|Any CPU
		{F6A65E89-374D-4D7B-9B1D-978A4A6EA58C}.Release|Any CPU.Build.0 = Release|Any CPU
		{F6A65E89-374D-4D7B-9B1D-978A4A6EA58C}.SingleImage|Any CPU.ActiveCfg = Release|Any CPU
		{F6A65E89-374D-4D7B-9B1D-978A4A6EA58C}.SingleImage|Any CPU.Build.0 = Release|Any CPU
		{08F4DB86-0FF3-4AE2-9A62-3CE8398C3DD2}.CD_ROM|Any CPU.ActiveCfg = CD_ROM
		{08F4DB86-0FF3-4AE2-9A62-3CE8398C3DD2}.CD_ROM|Any CPU.Build.0 = CD_ROM
		{08F4DB86-0FF3-4AE2-9A62-3CE8398C3DD2}.Debug|Any CPU.ActiveCfg = DVD-5
		{08F4DB86-0FF3-4AE2-9A62-3CE8398C3DD2}.Debug|Any CPU.Build.0 = DVD-5
		{08F4DB86-0FF3-4AE2-9A62-3CE8398C3DD2}.DVD-5|Any CPU.ActiveCfg = DVD-5
		{08F4DB86-0FF3-4AE2-9A62-3CE8398C3DD2}.DVD-5|Any CPU.Build.0 = DVD-5
		{08F4DB86-0FF3-4AE2-9A62-3CE8398C3DD2}.Release|Any CPU.ActiveCfg = SingleImage
		{08F4DB86-0FF3-4AE2-9A62-3CE8398C3DD2}.Release|Any CPU.Build.0 = SingleImage
		{08F4DB86-0FF3-4AE2-9A62-3CE8398C3DD2}.SingleImage|Any CPU.ActiveCfg = SingleImage
		{08F4DB86-0FF3-4AE2-9A62-3CE8398C3DD2}.SingleImage|Any CPU.Build.0 = SingleImage
		{E9C8AAAD-A227-468E-B8F3-44A7501ED109}.CD_ROM|Any CPU.ActiveCfg = Release|Any CPU
		{E9C8AAAD-A227-468E-B8F3-44A7501ED109}.CD_ROM|Any CPU.Build.0 = Release|Any CPU
		{E9C8AAAD-A227-468E-B8F3-44A7501ED109}.Debug|Any CPU.ActiveCfg = Debug|Any CPU
		{E9C8AAAD-A227-468E-B8F3-44A7501ED109}.Debug|Any CPU.Build.0 = Debug|Any CPU
		{E9C8AAAD-A227-468E-B8F3-44A7501ED109}.DVD-5|Any CPU.ActiveCfg = Debug|Any CPU
		{E9C8AAAD-A227-468E-B8F3-44A7501ED109}.DVD-5|Any CPU.Build.0 = Debug|Any CPU
		{E9C8AAAD-A227-468E-B8F3-44A7501ED109}.Release|Any CPU.ActiveCfg = Release|Any CPU
		{E9C8AAAD-A227-468E-B8F3-44A7501ED109}.Release|Any CPU.Build.0 = Release|Any CPU
		{E9C8AAAD-A227-468E-B8F3-44A7501ED109}.SingleImage|Any CPU.ActiveCfg = Release|Any CPU
		{E9C8AAAD-A227-468E-B8F3-44A7501ED109}.SingleImage|Any CPU.Build.0 = Release|Any CPU
		{EFB6EF5F-0DCB-47CA-B101-D229BB64B821}.CD_ROM|Any CPU.ActiveCfg = Release|Any CPU
		{EFB6EF5F-0DCB-47CA-B101-D229BB64B821}.CD_ROM|Any CPU.Build.0 = Release|Any CPU
		{EFB6EF5F-0DCB-47CA-B101-D229BB64B821}.Debug|Any CPU.ActiveCfg = Debug|Any CPU
		{EFB6EF5F-0DCB-47CA-B101-D229BB64B821}.Debug|Any CPU.Build.0 = Debug|Any CPU
		{EFB6EF5F-0DCB-47CA-B101-D229BB64B821}.DVD-5|Any CPU.ActiveCfg = Debug|Any CPU
		{EFB6EF5F-0DCB-47CA-B101-D229BB64B821}.DVD-5|Any CPU.Build.0 = Debug|Any CPU
		{EFB6EF5F-0DCB-47CA-B101-D229BB64B821}.Release|Any CPU.ActiveCfg = Release|Any CPU
		{EFB6EF5F-0DCB-47CA-B101-D229BB64B821}.Release|Any CPU.Build.0 = Release|Any CPU
		{EFB6EF5F-0DCB-47CA-B101-D229BB64B821}.SingleImage|Any CPU.ActiveCfg = Release|Any CPU
		{EFB6EF5F-0DCB-47CA-B101-D229BB64B821}.SingleImage|Any CPU.Build.0 = Release|Any CPU
		{2372B336-07D9-490F-827C-79F1FB739FE9}.CD_ROM|Any CPU.ActiveCfg = Release|Any CPU
		{2372B336-07D9-490F-827C-79F1FB739FE9}.CD_ROM|Any CPU.Build.0 = Release|Any CPU
		{2372B336-07D9-490F-827C-79F1FB739FE9}.Debug|Any CPU.ActiveCfg = Debug|Any CPU
		{2372B336-07D9-490F-827C-79F1FB739FE9}.Debug|Any CPU.Build.0 = Debug|Any CPU
		{2372B336-07D9-490F-827C-79F1FB739FE9}.DVD-5|Any CPU.ActiveCfg = Debug|Any CPU
		{2372B336-07D9-490F-827C-79F1FB739FE9}.DVD-5|Any CPU.Build.0 = Debug|Any CPU
		{2372B336-07D9-490F-827C-79F1FB739FE9}.Release|Any CPU.ActiveCfg = Release|Any CPU
		{2372B336-07D9-490F-827C-79F1FB739FE9}.Release|Any CPU.Build.0 = Release|Any CPU
		{2372B336-07D9-490F-827C-79F1FB739FE9}.SingleImage|Any CPU.ActiveCfg = Release|Any CPU
		{2372B336-07D9-490F-827C-79F1FB739FE9}.SingleImage|Any CPU.Build.0 = Release|Any CPU
		{C0FA3366-F8CD-4EC0-AD38-9F61D1B4075E}.CD_ROM|Any CPU.ActiveCfg = Release|Any CPU
		{C0FA3366-F8CD-4EC0-AD38-9F61D1B4075E}.CD_ROM|Any CPU.Build.0 = Release|Any CPU
		{C0FA3366-F8CD-4EC0-AD38-9F61D1B4075E}.Debug|Any CPU.ActiveCfg = Debug|Any CPU
		{C0FA3366-F8CD-4EC0-AD38-9F61D1B4075E}.Debug|Any CPU.Build.0 = Debug|Any CPU
		{C0FA3366-F8CD-4EC0-AD38-9F61D1B4075E}.DVD-5|Any CPU.ActiveCfg = Debug|Any CPU
		{C0FA3366-F8CD-4EC0-AD38-9F61D1B4075E}.DVD-5|Any CPU.Build.0 = Debug|Any CPU
		{C0FA3366-F8CD-4EC0-AD38-9F61D1B4075E}.Release|Any CPU.ActiveCfg = Release|Any CPU
		{C0FA3366-F8CD-4EC0-AD38-9F61D1B4075E}.Release|Any CPU.Build.0 = Release|Any CPU
		{C0FA3366-F8CD-4EC0-AD38-9F61D1B4075E}.SingleImage|Any CPU.ActiveCfg = Release|Any CPU
		{C0FA3366-F8CD-4EC0-AD38-9F61D1B4075E}.SingleImage|Any CPU.Build.0 = Release|Any CPU
		{A9AE40FF-1A21-414A-9FE7-3BE13644CC6D}.CD_ROM|Any CPU.ActiveCfg = Release|Any CPU
		{A9AE40FF-1A21-414A-9FE7-3BE13644CC6D}.CD_ROM|Any CPU.Build.0 = Release|Any CPU
		{A9AE40FF-1A21-414A-9FE7-3BE13644CC6D}.Debug|Any CPU.ActiveCfg = Debug|Any CPU
		{A9AE40FF-1A21-414A-9FE7-3BE13644CC6D}.Debug|Any CPU.Build.0 = Debug|Any CPU
		{A9AE40FF-1A21-414A-9FE7-3BE13644CC6D}.DVD-5|Any CPU.ActiveCfg = Debug|Any CPU
		{A9AE40FF-1A21-414A-9FE7-3BE13644CC6D}.DVD-5|Any CPU.Build.0 = Debug|Any CPU
		{A9AE40FF-1A21-414A-9FE7-3BE13644CC6D}.Release|Any CPU.ActiveCfg = Release|Any CPU
		{A9AE40FF-1A21-414A-9FE7-3BE13644CC6D}.Release|Any CPU.Build.0 = Release|Any CPU
		{A9AE40FF-1A21-414A-9FE7-3BE13644CC6D}.SingleImage|Any CPU.ActiveCfg = Release|Any CPU
		{A9AE40FF-1A21-414A-9FE7-3BE13644CC6D}.SingleImage|Any CPU.Build.0 = Release|Any CPU
	EndGlobalSection
	GlobalSection(SolutionProperties) = preSolution
		HideSolutionNode = FALSE
	EndGlobalSection
EndGlobal
